// !$*UTF8*$!
{
	archiveVersion = 1;
	classes = {
	};
	objectVersion = 46;
	objects = {

/* Begin PBXBuildFile section */
		826FD8491DB5478400FCEFF1 /* AppDelegate.swift in Sources */ = {isa = PBXBuildFile; fileRef = 826FD8481DB5478400FCEFF1 /* AppDelegate.swift */; };
		826FD84B1DB5478400FCEFF1 /* ViewController.swift in Sources */ = {isa = PBXBuildFile; fileRef = 826FD84A1DB5478400FCEFF1 /* ViewController.swift */; };
		826FD84E1DB5478400FCEFF1 /* Main.storyboard in Resources */ = {isa = PBXBuildFile; fileRef = 826FD84C1DB5478400FCEFF1 /* Main.storyboard */; };
		826FD8501DB5478400FCEFF1 /* Assets.xcassets in Resources */ = {isa = PBXBuildFile; fileRef = 826FD84F1DB5478400FCEFF1 /* Assets.xcassets */; };
		826FD8531DB5478400FCEFF1 /* LaunchScreen.storyboard in Resources */ = {isa = PBXBuildFile; fileRef = 826FD8511DB5478400FCEFF1 /* LaunchScreen.storyboard */; };
		826FD85E1DB5478400FCEFF1 /* iDeliverMobileTests.swift in Sources */ = {isa = PBXBuildFile; fileRef = 826FD85D1DB5478400FCEFF1 /* iDeliverMobileTests.swift */; };
		826FD8691DB5478400FCEFF1 /* iDeliverMobileUITests.swift in Sources */ = {isa = PBXBuildFile; fileRef = 826FD8681DB5478400FCEFF1 /* iDeliverMobileUITests.swift */; };
/* End PBXBuildFile section */

/* Begin PBXContainerItemProxy section */
		826FD85A1DB5478400FCEFF1 /* PBXContainerItemProxy */ = {
			isa = PBXContainerItemProxy;
			containerPortal = 826FD83D1DB5478400FCEFF1 /* Project object */;
			proxyType = 1;
			remoteGlobalIDString = 826FD8441DB5478400FCEFF1;
			remoteInfo = iDeliverMobile;
		};
		826FD8651DB5478400FCEFF1 /* PBXContainerItemProxy */ = {
			isa = PBXContainerItemProxy;
			containerPortal = 826FD83D1DB5478400FCEFF1 /* Project object */;
			proxyType = 1;
			remoteGlobalIDString = 826FD8441DB5478400FCEFF1;
			remoteInfo = iDeliverMobile;
		};
/* End PBXContainerItemProxy section */

/* Begin PBXFileReference section */
		826FD8451DB5478400FCEFF1 /* iDeliverMobile.app */ = {isa = PBXFileReference; explicitFileType = wrapper.application; includeInIndex = 0; path = iDeliverMobile.app; sourceTree = BUILT_PRODUCTS_DIR; };
		826FD8481DB5478400FCEFF1 /* AppDelegate.swift */ = {isa = PBXFileReference; lastKnownFileType = sourcecode.swift; path = AppDelegate.swift; sourceTree = "<group>"; };
		826FD84A1DB5478400FCEFF1 /* ViewController.swift */ = {isa = PBXFileReference; lastKnownFileType = sourcecode.swift; path = ViewController.swift; sourceTree = "<group>"; };
		826FD84D1DB5478400FCEFF1 /* Base */ = {isa = PBXFileReference; lastKnownFileType = file.storyboard; name = Base; path = Base.lproj/Main.storyboard; sourceTree = "<group>"; };
		826FD84F1DB5478400FCEFF1 /* Assets.xcassets */ = {isa = PBXFileReference; lastKnownFileType = folder.assetcatalog; path = Assets.xcassets; sourceTree = "<group>"; };
		826FD8521DB5478400FCEFF1 /* Base */ = {isa = PBXFileReference; lastKnownFileType = file.storyboard; name = Base; path = Base.lproj/LaunchScreen.storyboard; sourceTree = "<group>"; };
		826FD8541DB5478400FCEFF1 /* Info.plist */ = {isa = PBXFileReference; lastKnownFileType = text.plist.xml; path = Info.plist; sourceTree = "<group>"; };
		826FD8591DB5478400FCEFF1 /* iDeliverMobileTests.xctest */ = {isa = PBXFileReference; explicitFileType = wrapper.cfbundle; includeInIndex = 0; path = iDeliverMobileTests.xctest; sourceTree = BUILT_PRODUCTS_DIR; };
		826FD85D1DB5478400FCEFF1 /* iDeliverMobileTests.swift */ = {isa = PBXFileReference; lastKnownFileType = sourcecode.swift; path = iDeliverMobileTests.swift; sourceTree = "<group>"; };
		826FD85F1DB5478400FCEFF1 /* Info.plist */ = {isa = PBXFileReference; lastKnownFileType = text.plist.xml; path = Info.plist; sourceTree = "<group>"; };
		826FD8641DB5478400FCEFF1 /* iDeliverMobileUITests.xctest */ = {isa = PBXFileReference; explicitFileType = wrapper.cfbundle; includeInIndex = 0; path = iDeliverMobileUITests.xctest; sourceTree = BUILT_PRODUCTS_DIR; };
		826FD8681DB5478400FCEFF1 /* iDeliverMobileUITests.swift */ = {isa = PBXFileReference; lastKnownFileType = sourcecode.swift; path = iDeliverMobileUITests.swift; sourceTree = "<group>"; };
		826FD86A1DB5478400FCEFF1 /* Info.plist */ = {isa = PBXFileReference; lastKnownFileType = text.plist.xml; path = Info.plist; sourceTree = "<group>"; };
/* End PBXFileReference section */

/* Begin PBXFrameworksBuildPhase section */
		826FD8421DB5478400FCEFF1 /* Frameworks */ = {
			isa = PBXFrameworksBuildPhase;
			buildActionMask = 2147483647;
			files = (
			);
			runOnlyForDeploymentPostprocessing = 0;
		};
		826FD8561DB5478400FCEFF1 /* Frameworks */ = {
			isa = PBXFrameworksBuildPhase;
			buildActionMask = 2147483647;
			files = (
			);
			runOnlyForDeploymentPostprocessing = 0;
		};
		826FD8611DB5478400FCEFF1 /* Frameworks */ = {
			isa = PBXFrameworksBuildPhase;
			buildActionMask = 2147483647;
			files = (
			);
			runOnlyForDeploymentPostprocessing = 0;
		};
/* End PBXFrameworksBuildPhase section */

/* Begin PBXGroup section */
		826FD83C1DB5478400FCEFF1 = {
			isa = PBXGroup;
			children = (
				826FD8471DB5478400FCEFF1 /* iDeliverMobile */,
				826FD85C1DB5478400FCEFF1 /* iDeliverMobileTests */,
				826FD8671DB5478400FCEFF1 /* iDeliverMobileUITests */,
				826FD8461DB5478400FCEFF1 /* Products */,
			);
			sourceTree = "<group>";
		};
		826FD8461DB5478400FCEFF1 /* Products */ = {
			isa = PBXGroup;
			children = (
				826FD8451DB5478400FCEFF1 /* iDeliverMobile.app */,
				826FD8591DB5478400FCEFF1 /* iDeliverMobileTests.xctest */,
				826FD8641DB5478400FCEFF1 /* iDeliverMobileUITests.xctest */,
			);
			name = Products;
			sourceTree = "<group>";
		};
		826FD8471DB5478400FCEFF1 /* iDeliverMobile */ = {
			isa = PBXGroup;
			children = (
				826FD8481DB5478400FCEFF1 /* AppDelegate.swift */,
				826FD84A1DB5478400FCEFF1 /* ViewController.swift */,
				826FD84C1DB5478400FCEFF1 /* Main.storyboard */,
				826FD84F1DB5478400FCEFF1 /* Assets.xcassets */,
				826FD8511DB5478400FCEFF1 /* LaunchScreen.storyboard */,
				826FD8541DB5478400FCEFF1 /* Info.plist */,
			);
			path = iDeliverMobile;
			sourceTree = "<group>";
		};
		826FD85C1DB5478400FCEFF1 /* iDeliverMobileTests */ = {
			isa = PBXGroup;
			children = (
				826FD85D1DB5478400FCEFF1 /* iDeliverMobileTests.swift */,
				826FD85F1DB5478400FCEFF1 /* Info.plist */,
			);
			path = iDeliverMobileTests;
			sourceTree = "<group>";
		};
		826FD8671DB5478400FCEFF1 /* iDeliverMobileUITests */ = {
			isa = PBXGroup;
			children = (
				826FD8681DB5478400FCEFF1 /* iDeliverMobileUITests.swift */,
				826FD86A1DB5478400FCEFF1 /* Info.plist */,
			);
			path = iDeliverMobileUITests;
			sourceTree = "<group>";
		};
/* End PBXGroup section */

/* Begin PBXNativeTarget section */
		826FD8441DB5478400FCEFF1 /* iDeliverMobile */ = {
			isa = PBXNativeTarget;
			buildConfigurationList = 826FD86D1DB5478400FCEFF1 /* Build configuration list for PBXNativeTarget "iDeliverMobile" */;
			buildPhases = (
				826FD8411DB5478400FCEFF1 /* Sources */,
				826FD8421DB5478400FCEFF1 /* Frameworks */,
				826FD8431DB5478400FCEFF1 /* Resources */,
			);
			buildRules = (
			);
			dependencies = (
			);
			name = iDeliverMobile;
			productName = iDeliverMobile;
			productReference = 826FD8451DB5478400FCEFF1 /* iDeliverMobile.app */;
			productType = "com.apple.product-type.application";
		};
		826FD8581DB5478400FCEFF1 /* iDeliverMobileTests */ = {
			isa = PBXNativeTarget;
			buildConfigurationList = 826FD8701DB5478400FCEFF1 /* Build configuration list for PBXNativeTarget "iDeliverMobileTests" */;
			buildPhases = (
				826FD8551DB5478400FCEFF1 /* Sources */,
				826FD8561DB5478400FCEFF1 /* Frameworks */,
				826FD8571DB5478400FCEFF1 /* Resources */,
			);
			buildRules = (
			);
			dependencies = (
				826FD85B1DB5478400FCEFF1 /* PBXTargetDependency */,
			);
			name = iDeliverMobileTests;
			productName = iDeliverMobileTests;
			productReference = 826FD8591DB5478400FCEFF1 /* iDeliverMobileTests.xctest */;
			productType = "com.apple.product-type.bundle.unit-test";
		};
		826FD8631DB5478400FCEFF1 /* iDeliverMobileUITests */ = {
			isa = PBXNativeTarget;
			buildConfigurationList = 826FD8731DB5478400FCEFF1 /* Build configuration list for PBXNativeTarget "iDeliverMobileUITests" */;
			buildPhases = (
				826FD8601DB5478400FCEFF1 /* Sources */,
				826FD8611DB5478400FCEFF1 /* Frameworks */,
				826FD8621DB5478400FCEFF1 /* Resources */,
			);
			buildRules = (
			);
			dependencies = (
				826FD8661DB5478400FCEFF1 /* PBXTargetDependency */,
			);
			name = iDeliverMobileUITests;
			productName = iDeliverMobileUITests;
			productReference = 826FD8641DB5478400FCEFF1 /* iDeliverMobileUITests.xctest */;
			productType = "com.apple.product-type.bundle.ui-testing";
		};
/* End PBXNativeTarget section */

/* Begin PBXProject section */
		826FD83D1DB5478400FCEFF1 /* Project object */ = {
			isa = PBXProject;
			attributes = {
				LastSwiftUpdateCheck = 0800;
				LastUpgradeCheck = 0800;
				ORGANIZATIONNAME = DSLM;
				TargetAttributes = {
					826FD8441DB5478400FCEFF1 = {
						CreatedOnToolsVersion = 8.0;
						ProvisioningStyle = Automatic;
					};
					826FD8581DB5478400FCEFF1 = {
						CreatedOnToolsVersion = 8.0;
						ProvisioningStyle = Automatic;
						TestTargetID = 826FD8441DB5478400FCEFF1;
					};
					826FD8631DB5478400FCEFF1 = {
						CreatedOnToolsVersion = 8.0;
						ProvisioningStyle = Automatic;
						TestTargetID = 826FD8441DB5478400FCEFF1;
					};
				};
			};
			buildConfigurationList = 826FD8401DB5478400FCEFF1 /* Build configuration list for PBXProject "iDeliverMobile" */;
			compatibilityVersion = "Xcode 3.2";
			developmentRegion = English;
			hasScannedForEncodings = 0;
			knownRegions = (
				en,
				Base,
			);
			mainGroup = 826FD83C1DB5478400FCEFF1;
			productRefGroup = 826FD8461DB5478400FCEFF1 /* Products */;
			projectDirPath = "";
			projectRoot = "";
			targets = (
				826FD8441DB5478400FCEFF1 /* iDeliverMobile */,
				826FD8581DB5478400FCEFF1 /* iDeliverMobileTests */,
				826FD8631DB5478400FCEFF1 /* iDeliverMobileUITests */,
			);
		};
/* End PBXProject section */

/* Begin PBXResourcesBuildPhase section */
		826FD8431DB5478400FCEFF1 /* Resources */ = {
			isa = PBXResourcesBuildPhase;
			buildActionMask = 2147483647;
			files = (
				826FD8531DB5478400FCEFF1 /* LaunchScreen.storyboard in Resources */,
				826FD8501DB5478400FCEFF1 /* Assets.xcassets in Resources */,
				826FD84E1DB5478400FCEFF1 /* Main.storyboard in Resources */,
			);
			runOnlyForDeploymentPostprocessing = 0;
		};
		826FD8571DB5478400FCEFF1 /* Resources */ = {
			isa = PBXResourcesBuildPhase;
			buildActionMask = 2147483647;
			files = (
			);
			runOnlyForDeploymentPostprocessing = 0;
		};
		826FD8621DB5478400FCEFF1 /* Resources */ = {
			isa = PBXResourcesBuildPhase;
			buildActionMask = 2147483647;
			files = (
			);
			runOnlyForDeploymentPostprocessing = 0;
		};
/* End PBXResourcesBuildPhase section */

/* Begin PBXSourcesBuildPhase section */
		826FD8411DB5478400FCEFF1 /* Sources */ = {
			isa = PBXSourcesBuildPhase;
			buildActionMask = 2147483647;
			files = (
				826FD84B1DB5478400FCEFF1 /* ViewController.swift in Sources */,
				826FD8491DB5478400FCEFF1 /* AppDelegate.swift in Sources */,
			);
			runOnlyForDeploymentPostprocessing = 0;
		};
		826FD8551DB5478400FCEFF1 /* Sources */ = {
			isa = PBXSourcesBuildPhase;
			buildActionMask = 2147483647;
			files = (
				826FD85E1DB5478400FCEFF1 /* iDeliverMobileTests.swift in Sources */,
			);
			runOnlyForDeploymentPostprocessing = 0;
		};
		826FD8601DB5478400FCEFF1 /* Sources */ = {
			isa = PBXSourcesBuildPhase;
			buildActionMask = 2147483647;
			files = (
				826FD8691DB5478400FCEFF1 /* iDeliverMobileUITests.swift in Sources */,
			);
			runOnlyForDeploymentPostprocessing = 0;
		};
/* End PBXSourcesBuildPhase section */

/* Begin PBXTargetDependency section */
		826FD85B1DB5478400FCEFF1 /* PBXTargetDependency */ = {
			isa = PBXTargetDependency;
			target = 826FD8441DB5478400FCEFF1 /* iDeliverMobile */;
			targetProxy = 826FD85A1DB5478400FCEFF1 /* PBXContainerItemProxy */;
		};
		826FD8661DB5478400FCEFF1 /* PBXTargetDependency */ = {
			isa = PBXTargetDependency;
			target = 826FD8441DB5478400FCEFF1 /* iDeliverMobile */;
			targetProxy = 826FD8651DB5478400FCEFF1 /* PBXContainerItemProxy */;
		};
/* End PBXTargetDependency section */

/* Begin PBXVariantGroup section */
		826FD84C1DB5478400FCEFF1 /* Main.storyboard */ = {
			isa = PBXVariantGroup;
			children = (
				826FD84D1DB5478400FCEFF1 /* Base */,
			);
			name = Main.storyboard;
			sourceTree = "<group>";
		};
		826FD8511DB5478400FCEFF1 /* LaunchScreen.storyboard */ = {
			isa = PBXVariantGroup;
			children = (
				826FD8521DB5478400FCEFF1 /* Base */,
			);
			name = LaunchScreen.storyboard;
			sourceTree = "<group>";
		};
/* End PBXVariantGroup section */

/* Begin XCBuildConfiguration section */
		826FD86B1DB5478400FCEFF1 /* Debug */ = {
			isa = XCBuildConfiguration;
			buildSettings = {
				ALWAYS_SEARCH_USER_PATHS = NO;
				CLANG_ANALYZER_NONNULL = YES;
				CLANG_CXX_LANGUAGE_STANDARD = "gnu++0x";
				CLANG_CXX_LIBRARY = "libc++";
				CLANG_ENABLE_MODULES = YES;
				CLANG_ENABLE_OBJC_ARC = YES;
				CLANG_WARN_BOOL_CONVERSION = YES;
				CLANG_WARN_CONSTANT_CONVERSION = YES;
				CLANG_WARN_DIRECT_OBJC_ISA_USAGE = YES_ERROR;
				CLANG_WARN_DOCUMENTATION_COMMENTS = YES;
				CLANG_WARN_EMPTY_BODY = YES;
				CLANG_WARN_ENUM_CONVERSION = YES;
				CLANG_WARN_INFINITE_RECURSION = YES;
				CLANG_WARN_INT_CONVERSION = YES;
				CLANG_WARN_OBJC_ROOT_CLASS = YES_ERROR;
				CLANG_WARN_SUSPICIOUS_MOVES = YES;
				CLANG_WARN_UNREACHABLE_CODE = YES;
				CLANG_WARN__DUPLICATE_METHOD_MATCH = YES;
				"CODE_SIGN_IDENTITY[sdk=iphoneos*]" = "iPhone Developer";
				COPY_PHASE_STRIP = NO;
				DEBUG_INFORMATION_FORMAT = dwarf;
				ENABLE_STRICT_OBJC_MSGSEND = YES;
				ENABLE_TESTABILITY = YES;
				GCC_C_LANGUAGE_STANDARD = gnu99;
				GCC_DYNAMIC_NO_PIC = NO;
				GCC_NO_COMMON_BLOCKS = YES;
				GCC_OPTIMIZATION_LEVEL = 0;
				GCC_PREPROCESSOR_DEFINITIONS = (
					"DEBUG=1",
					"$(inherited)",
				);
				GCC_WARN_64_TO_32_BIT_CONVERSION = YES;
				GCC_WARN_ABOUT_RETURN_TYPE = YES_ERROR;
				GCC_WARN_UNDECLARED_SELECTOR = YES;
				GCC_WARN_UNINITIALIZED_AUTOS = YES_AGGRESSIVE;
				GCC_WARN_UNUSED_FUNCTION = YES;
				GCC_WARN_UNUSED_VARIABLE = YES;
				IPHONEOS_DEPLOYMENT_TARGET = 10.0;
				MTL_ENABLE_DEBUG_INFO = YES;
				ONLY_ACTIVE_ARCH = YES;
				SDKROOT = iphoneos;
				SWIFT_ACTIVE_COMPILATION_CONDITIONS = DEBUG;
				SWIFT_OPTIMIZATION_LEVEL = "-Onone";
			};
			name = Debug;
		};
		826FD86C1DB5478400FCEFF1 /* Release */ = {
			isa = XCBuildConfiguration;
			buildSettings = {
				ALWAYS_SEARCH_USER_PATHS = NO;
				CLANG_ANALYZER_NONNULL = YES;
				CLANG_CXX_LANGUAGE_STANDARD = "gnu++0x";
				CLANG_CXX_LIBRARY = "libc++";
				CLANG_ENABLE_MODULES = YES;
				CLANG_ENABLE_OBJC_ARC = YES;
				CLANG_WARN_BOOL_CONVERSION = YES;
				CLANG_WARN_CONSTANT_CONVERSION = YES;
				CLANG_WARN_DIRECT_OBJC_ISA_USAGE = YES_ERROR;
				CLANG_WARN_DOCUMENTATION_COMMENTS = YES;
				CLANG_WARN_EMPTY_BODY = YES;
				CLANG_WARN_ENUM_CONVERSION = YES;
				CLANG_WARN_INFINITE_RECURSION = YES;
				CLANG_WARN_INT_CONVERSION = YES;
				CLANG_WARN_OBJC_ROOT_CLASS = YES_ERROR;
				CLANG_WARN_SUSPICIOUS_MOVES = YES;
				CLANG_WARN_UNREACHABLE_CODE = YES;
				CLANG_WARN__DUPLICATE_METHOD_MATCH = YES;
				"CODE_SIGN_IDENTITY[sdk=iphoneos*]" = "iPhone Developer";
				COPY_PHASE_STRIP = NO;
				DEBUG_INFORMATION_FORMAT = "dwarf-with-dsym";
				ENABLE_NS_ASSERTIONS = NO;
				ENABLE_STRICT_OBJC_MSGSEND = YES;
				GCC_C_LANGUAGE_STANDARD = gnu99;
				GCC_NO_COMMON_BLOCKS = YES;
				GCC_WARN_64_TO_32_BIT_CONVERSION = YES;
				GCC_WARN_ABOUT_RETURN_TYPE = YES_ERROR;
				GCC_WARN_UNDECLARED_SELECTOR = YES;
				GCC_WARN_UNINITIALIZED_AUTOS = YES_AGGRESSIVE;
				GCC_WARN_UNUSED_FUNCTION = YES;
				GCC_WARN_UNUSED_VARIABLE = YES;
				IPHONEOS_DEPLOYMENT_TARGET = 10.0;
				MTL_ENABLE_DEBUG_INFO = NO;
				SDKROOT = iphoneos;
				SWIFT_OPTIMIZATION_LEVEL = "-Owholemodule";
				VALIDATE_PRODUCT = YES;
			};
			name = Release;
		};
		826FD86E1DB5478400FCEFF1 /* Debug */ = {
			isa = XCBuildConfiguration;
			buildSettings = {
				ASSETCATALOG_COMPILER_APPICON_NAME = AppIcon;
				INFOPLIST_FILE = iDeliverMobile/Info.plist;
				LD_RUNPATH_SEARCH_PATHS = "$(inherited) @executable_path/Frameworks";
				PRODUCT_BUNDLE_IDENTIFIER = com.dslm.iDeliverMobile;
				PRODUCT_NAME = "$(TARGET_NAME)";
				SWIFT_VERSION = 3.0;
			};
			name = Debug;
		};
		826FD86F1DB5478400FCEFF1 /* Release */ = {
			isa = XCBuildConfiguration;
			buildSettings = {
				ASSETCATALOG_COMPILER_APPICON_NAME = AppIcon;
				INFOPLIST_FILE = iDeliverMobile/Info.plist;
				LD_RUNPATH_SEARCH_PATHS = "$(inherited) @executable_path/Frameworks";
				PRODUCT_BUNDLE_IDENTIFIER = com.dslm.iDeliverMobile;
				PRODUCT_NAME = "$(TARGET_NAME)";
				SWIFT_VERSION = 3.0;
			};
			name = Release;
		};
		826FD8711DB5478400FCEFF1 /* Debug */ = {
			isa = XCBuildConfiguration;
			buildSettings = {
				ALWAYS_EMBED_SWIFT_STANDARD_LIBRARIES = YES;
				BUNDLE_LOADER = "$(TEST_HOST)";
				INFOPLIST_FILE = iDeliverMobileTests/Info.plist;
				LD_RUNPATH_SEARCH_PATHS = "$(inherited) @executable_path/Frameworks @loader_path/Frameworks";
				PRODUCT_BUNDLE_IDENTIFIER = com.dslm.iDeliverMobileTests;
				PRODUCT_NAME = "$(TARGET_NAME)";
				SWIFT_VERSION = 3.0;
				TEST_HOST = "$(BUILT_PRODUCTS_DIR)/iDeliverMobile.app/iDeliverMobile";
			};
			name = Debug;
		};
		826FD8721DB5478400FCEFF1 /* Release */ = {
			isa = XCBuildConfiguration;
			buildSettings = {
				ALWAYS_EMBED_SWIFT_STANDARD_LIBRARIES = YES;
				BUNDLE_LOADER = "$(TEST_HOST)";
				INFOPLIST_FILE = iDeliverMobileTests/Info.plist;
				LD_RUNPATH_SEARCH_PATHS = "$(inherited) @executable_path/Frameworks @loader_path/Frameworks";
				PRODUCT_BUNDLE_IDENTIFIER = com.dslm.iDeliverMobileTests;
				PRODUCT_NAME = "$(TARGET_NAME)";
				SWIFT_VERSION = 3.0;
				TEST_HOST = "$(BUILT_PRODUCTS_DIR)/iDeliverMobile.app/iDeliverMobile";
			};
			name = Release;
		};
		826FD8741DB5478400FCEFF1 /* Debug */ = {
			isa = XCBuildConfiguration;
			buildSettings = {
				ALWAYS_EMBED_SWIFT_STANDARD_LIBRARIES = YES;
				INFOPLIST_FILE = iDeliverMobileUITests/Info.plist;
				LD_RUNPATH_SEARCH_PATHS = "$(inherited) @executable_path/Frameworks @loader_path/Frameworks";
				PRODUCT_BUNDLE_IDENTIFIER = com.dslm.iDeliverMobileUITests;
				PRODUCT_NAME = "$(TARGET_NAME)";
				SWIFT_VERSION = 3.0;
				TEST_TARGET_NAME = iDeliverMobile;
			};
			name = Debug;
		};
		826FD8751DB5478400FCEFF1 /* Release */ = {
			isa = XCBuildConfiguration;
			buildSettings = {
				ALWAYS_EMBED_SWIFT_STANDARD_LIBRARIES = YES;
				INFOPLIST_FILE = iDeliverMobileUITests/Info.plist;
				LD_RUNPATH_SEARCH_PATHS = "$(inherited) @executable_path/Frameworks @loader_path/Frameworks";
				PRODUCT_BUNDLE_IDENTIFIER = com.dslm.iDeliverMobileUITests;
				PRODUCT_NAME = "$(TARGET_NAME)";
				SWIFT_VERSION = 3.0;
				TEST_TARGET_NAME = iDeliverMobile;
			};
			name = Release;
		};
/* End XCBuildConfiguration section */

/* Begin XCConfigurationList section */
		826FD8401DB5478400FCEFF1 /* Build configuration list for PBXProject "iDeliverMobile" */ = {
			isa = XCConfigurationList;
			buildConfigurations = (
				826FD86B1DB5478400FCEFF1 /* Debug */,
				826FD86C1DB5478400FCEFF1 /* Release */,
			);
			defaultConfigurationIsVisible = 0;
			defaultConfigurationName = Release;
		};
		826FD86D1DB5478400FCEFF1 /* Build configuration list for PBXNativeTarget "iDeliverMobile" */ = {
			isa = XCConfigurationList;
			buildConfigurations = (
				826FD86E1DB5478400FCEFF1 /* Debug */,
				826FD86F1DB5478400FCEFF1 /* Release */,
			);
			defaultConfigurationIsVisible = 0;
		};
		826FD8701DB5478400FCEFF1 /* Build configuration list for PBXNativeTarget "iDeliverMobileTests" */ = {
			isa = XCConfigurationList;
			buildConfigurations = (
				826FD8711DB5478400FCEFF1 /* Debug */,
				826FD8721DB5478400FCEFF1 /* Release */,
			);
			defaultConfigurationIsVisible = 0;
		};
		826FD8731DB5478400FCEFF1 /* Build configuration list for PBXNativeTarget "iDeliverMobileUITests" */ = {
			isa = XCConfigurationList;
			buildConfigurations = (
				826FD8741DB5478400FCEFF1 /* Debug */,
				826FD8751DB5478400FCEFF1 /* Release */,
			);
			defaultConfigurationIsVisible = 0;
		};
/* End XCConfigurationList section */
	};
	rootObject = 826FD83D1DB5478400FCEFF1 /* Project object */;
}
