// !$*UTF8*$!
{
	archiveVersion = 1;
	classes = {
	};
	objectVersion = 46;
	objects = {

/* Begin PBXBuildFile section */
		3492D2B015EF221B00714C11 /* UIKit.framework in Frameworks */ = {isa = PBXBuildFile; fileRef = 3492D2AF15EF221B00714C11 /* UIKit.framework */; };
		3492D2B215EF221B00714C11 /* Foundation.framework in Frameworks */ = {isa = PBXBuildFile; fileRef = 3492D2B115EF221B00714C11 /* Foundation.framework */; };
		3492D2B415EF221B00714C11 /* CoreGraphics.framework in Frameworks */ = {isa = PBXBuildFile; fileRef = 3492D2B315EF221B00714C11 /* CoreGraphics.framework */; };
		3492D2BA15EF221B00714C11 /* InfoPlist.strings in Resources */ = {isa = PBXBuildFile; fileRef = 3492D2B815EF221B00714C11 /* InfoPlist.strings */; };
		3492D2BC15EF221B00714C11 /* main.m in Sources */ = {isa = PBXBuildFile; fileRef = 3492D2BB15EF221B00714C11 /* main.m */; };
		3492D2C015EF221B00714C11 /* AppDelegate.m in Sources */ = {isa = PBXBuildFile; fileRef = 3492D2BF15EF221B00714C11 /* AppDelegate.m */; };
		3492D2C715EF235300714C11 /* MainStoryboard.storyboard in Resources */ = {isa = PBXBuildFile; fileRef = 3492D2C615EF235300714C11 /* MainStoryboard.storyboard */; };
		34E3A0E516C0F87400735C92 /* Default-568h@2x.png in Resources */ = {isa = PBXBuildFile; fileRef = 34E3A0E216C0F87400735C92 /* Default-568h@2x.png */; };
		34E3A0E616C0F87400735C92 /* Default.png in Resources */ = {isa = PBXBuildFile; fileRef = 34E3A0E316C0F87400735C92 /* Default.png */; };
		34E3A0E716C0F87400735C92 /* Default@2x.png in Resources */ = {isa = PBXBuildFile; fileRef = 34E3A0E416C0F87400735C92 /* Default@2x.png */; };
/* End PBXBuildFile section */

/* Begin PBXFileReference section */
		3492D2AB15EF221B00714C11 /* iDeliverMobile.app */ = {isa = PBXFileReference; explicitFileType = wrapper.application; includeInIndex = 0; path = iDeliverMobile.app; sourceTree = BUILT_PRODUCTS_DIR; };
		3492D2AF15EF221B00714C11 /* UIKit.framework */ = {isa = PBXFileReference; lastKnownFileType = wrapper.framework; name = UIKit.framework; path = System/Library/Frameworks/UIKit.framework; sourceTree = SDKROOT; };
		3492D2B115EF221B00714C11 /* Foundation.framework */ = {isa = PBXFileReference; lastKnownFileType = wrapper.framework; name = Foundation.framework; path = System/Library/Frameworks/Foundation.framework; sourceTree = SDKROOT; };
		3492D2B315EF221B00714C11 /* CoreGraphics.framework */ = {isa = PBXFileReference; lastKnownFileType = wrapper.framework; name = CoreGraphics.framework; path = System/Library/Frameworks/CoreGraphics.framework; sourceTree = SDKROOT; };
		3492D2B715EF221B00714C11 /* iDeliverMobile-Info.plist */ = {isa = PBXFileReference; lastKnownFileType = text.plist.xml; path = "iDeliverMobile-Info.plist"; sourceTree = "<group>"; };
		3492D2B915EF221B00714C11 /* en */ = {isa = PBXFileReference; lastKnownFileType = text.plist.strings; name = en; path = en.lproj/InfoPlist.strings; sourceTree = "<group>"; };
		3492D2BB15EF221B00714C11 /* main.m */ = {isa = PBXFileReference; lastKnownFileType = sourcecode.c.objc; path = main.m; sourceTree = "<group>"; };
		3492D2BD15EF221B00714C11 /* iDeliverMobile-Prefix.pch */ = {isa = PBXFileReference; lastKnownFileType = sourcecode.c.h; path = "iDeliverMobile-Prefix.pch"; sourceTree = "<group>"; };
		3492D2BE15EF221B00714C11 /* AppDelegate.h */ = {isa = PBXFileReference; lastKnownFileType = sourcecode.c.h; path = AppDelegate.h; sourceTree = "<group>"; };
		3492D2BF15EF221B00714C11 /* AppDelegate.m */ = {isa = PBXFileReference; lastKnownFileType = sourcecode.c.objc; path = AppDelegate.m; sourceTree = "<group>"; };
		3492D2C615EF235300714C11 /* MainStoryboard.storyboard */ = {isa = PBXFileReference; fileEncoding = 4; lastKnownFileType = file.storyboard; name = MainStoryboard.storyboard; path = ../MainStoryboard.storyboard; sourceTree = "<group>"; };
		34E3A0E216C0F87400735C92 /* Default-568h@2x.png */ = {isa = PBXFileReference; lastKnownFileType = image.png; path = "Default-568h@2x.png"; sourceTree = "<group>"; };
		34E3A0E316C0F87400735C92 /* Default.png */ = {isa = PBXFileReference; lastKnownFileType = image.png; path = Default.png; sourceTree = "<group>"; };
		34E3A0E416C0F87400735C92 /* Default@2x.png */ = {isa = PBXFileReference; lastKnownFileType = image.png; path = "Default@2x.png"; sourceTree = "<group>"; };
/* End PBXFileReference section */

/* Begin PBXFrameworksBuildPhase section */
		3492D2A815EF221B00714C11 /* Frameworks */ = {
			isa = PBXFrameworksBuildPhase;
			buildActionMask = 2147483647;
			files = (
				3492D2B015EF221B00714C11 /* UIKit.framework in Frameworks */,
				3492D2B215EF221B00714C11 /* Foundation.framework in Frameworks */,
				3492D2B415EF221B00714C11 /* CoreGraphics.framework in Frameworks */,
			);
			runOnlyForDeploymentPostprocessing = 0;
		};
/* End PBXFrameworksBuildPhase section */

/* Begin PBXGroup section */
		3492D2A015EF221B00714C11 = {
			isa = PBXGroup;
			children = (
				3492D2B515EF221B00714C11 /* iDeliverMobile */,
				3492D2AE15EF221B00714C11 /* Frameworks */,
				3492D2AC15EF221B00714C11 /* Products */,
			);
			sourceTree = "<group>";
		};
		3492D2AC15EF221B00714C11 /* Products */ = {
			isa = PBXGroup;
			children = (
				3492D2AB15EF221B00714C11 /* iDeliverMobile.app */,
			);
			name = Products;
			sourceTree = "<group>";
		};
		3492D2AE15EF221B00714C11 /* Frameworks */ = {
			isa = PBXGroup;
			children = (
				3492D2AF15EF221B00714C11 /* UIKit.framework */,
				3492D2B115EF221B00714C11 /* Foundation.framework */,
				3492D2B315EF221B00714C11 /* CoreGraphics.framework */,
			);
			name = Frameworks;
			sourceTree = "<group>";
		};
		3492D2B515EF221B00714C11 /* iDeliverMobile */ = {
			isa = PBXGroup;
			children = (
				3492D2BE15EF221B00714C11 /* AppDelegate.h */,
				3492D2BF15EF221B00714C11 /* AppDelegate.m */,
				3492D2C615EF235300714C11 /* MainStoryboard.storyboard */,
				3492D2B615EF221B00714C11 /* Supporting Files */,
			);
			path = iDeliverMobile;
			sourceTree = "<group>";
		};
		3492D2B615EF221B00714C11 /* Supporting Files */ = {
			isa = PBXGroup;
			children = (
				34E3A0E216C0F87400735C92 /* Default-568h@2x.png */,
				34E3A0E316C0F87400735C92 /* Default.png */,
				34E3A0E416C0F87400735C92 /* Default@2x.png */,
				3492D2B715EF221B00714C11 /* iDeliverMobile-Info.plist */,
				3492D2B815EF221B00714C11 /* InfoPlist.strings */,
				3492D2BB15EF221B00714C11 /* main.m */,
				3492D2BD15EF221B00714C11 /* iDeliverMobile-Prefix.pch */,
			);
			name = "Supporting Files";
			sourceTree = "<group>";
		};
/* End PBXGroup section */

/* Begin PBXNativeTarget section */
		3492D2AA15EF221B00714C11 /* iDeliverMobile */ = {
			isa = PBXNativeTarget;
			buildConfigurationList = 3492D2C315EF221B00714C11 /* Build configuration list for PBXNativeTarget "iDeliverMobile" */;
			buildPhases = (
				3492D2A715EF221B00714C11 /* Sources */,
				3492D2A815EF221B00714C11 /* Frameworks */,
				3492D2A915EF221B00714C11 /* Resources */,
			);
			buildRules = (
			);
			dependencies = (
			);
			name = iDeliverMobile;
			productName = iDeliverMobile;
			productReference = 3492D2AB15EF221B00714C11 /* iDeliverMobile.app */;
			productType = "com.apple.product-type.application";
		};
/* End PBXNativeTarget section */

/* Begin PBXProject section */
		3492D2A215EF221B00714C11 /* Project object */ = {
			isa = PBXProject;
			attributes = {
				LastUpgradeCheck = 0460;
				ORGANIZATIONNAME = "Oak Leaf Enterprises, Inc.";
			};
			buildConfigurationList = 3492D2A515EF221B00714C11 /* Build configuration list for PBXProject "iDeliverMobile" */;
			compatibilityVersion = "Xcode 3.2";
			developmentRegion = English;
			hasScannedForEncodings = 0;
			knownRegions = (
				en,
			);
			mainGroup = 3492D2A015EF221B00714C11;
			productRefGroup = 3492D2AC15EF221B00714C11 /* Products */;
			projectDirPath = "";
			projectRoot = "";
			targets = (
				3492D2AA15EF221B00714C11 /* iDeliverMobile */,
			);
		};
/* End PBXProject section */

/* Begin PBXResourcesBuildPhase section */
		3492D2A915EF221B00714C11 /* Resources */ = {
			isa = PBXResourcesBuildPhase;
			buildActionMask = 2147483647;
			files = (
				3492D2BA15EF221B00714C11 /* InfoPlist.strings in Resources */,
				3492D2C715EF235300714C11 /* MainStoryboard.storyboard in Resources */,
				34E3A0E516C0F87400735C92 /* Default-568h@2x.png in Resources */,
				34E3A0E616C0F87400735C92 /* Default.png in Resources */,
				34E3A0E716C0F87400735C92 /* Default@2x.png in Resources */,
			);
			runOnlyForDeploymentPostprocessing = 0;
		};
/* End PBXResourcesBuildPhase section */

/* Begin PBXSourcesBuildPhase section */
		3492D2A715EF221B00714C11 /* Sources */ = {
			isa = PBXSourcesBuildPhase;
			buildActionMask = 2147483647;
			files = (
				3492D2BC15EF221B00714C11 /* main.m in Sources */,
				3492D2C015EF221B00714C11 /* AppDelegate.m in Sources */,
			);
			runOnlyForDeploymentPostprocessing = 0;
		};
/* End PBXSourcesBuildPhase section */

/* Begin PBXVariantGroup section */
		3492D2B815EF221B00714C11 /* InfoPlist.strings */ = {
			isa = PBXVariantGroup;
			children = (
				3492D2B915EF221B00714C11 /* en */,
			);
			name = InfoPlist.strings;
			sourceTree = "<group>";
		};
/* End PBXVariantGroup section */

/* Begin XCBuildConfiguration section */
		3492D2C115EF221B00714C11 /* Debug */ = {
			isa = XCBuildConfiguration;
			buildSettings = {
				ALWAYS_SEARCH_USER_PATHS = NO;
				ARCHS = "$(ARCHS_STANDARD_32_BIT)";
				CLANG_CXX_LANGUAGE_STANDARD = "gnu++0x";
				CLANG_ENABLE_OBJC_ARC = YES;
				CLANG_WARN_CONSTANT_CONVERSION = YES;
				CLANG_WARN_ENUM_CONVERSION = YES;
				CLANG_WARN_INT_CONVERSION = YES;
				CLANG_WARN__DUPLICATE_METHOD_MATCH = YES;
				"CODE_SIGN_IDENTITY[sdk=iphoneos*]" = "iPhone Developer";
				COPY_PHASE_STRIP = NO;
				GCC_C_LANGUAGE_STANDARD = gnu99;
				GCC_DYNAMIC_NO_PIC = NO;
				GCC_OPTIMIZATION_LEVEL = 0;
				GCC_PREPROCESSOR_DEFINITIONS = (
					"DEBUG=1",
					"$(inherited)",
				);
				GCC_SYMBOLS_PRIVATE_EXTERN = NO;
				GCC_VERSION = com.apple.compilers.llvm.clang.1_0;
				GCC_WARN_ABOUT_RETURN_TYPE = YES;
				GCC_WARN_UNINITIALIZED_AUTOS = YES;
				GCC_WARN_UNUSED_VARIABLE = YES;
				IPHONEOS_DEPLOYMENT_TARGET = 5.1;
				SDKROOT = iphoneos;
			};
			name = Debug;
		};
		3492D2C215EF221B00714C11 /* Release */ = {
			isa = XCBuildConfiguration;
			buildSettings = {
				ALWAYS_SEARCH_USER_PATHS = NO;
				ARCHS = "$(ARCHS_STANDARD_32_BIT)";
				CLANG_CXX_LANGUAGE_STANDARD = "gnu++0x";
				CLANG_ENABLE_OBJC_ARC = YES;
				CLANG_WARN_CONSTANT_CONVERSION = YES;
				CLANG_WARN_ENUM_CONVERSION = YES;
				CLANG_WARN_INT_CONVERSION = YES;
				CLANG_WARN__DUPLICATE_METHOD_MATCH = YES;
				"CODE_SIGN_IDENTITY[sdk=iphoneos*]" = "iPhone Developer";
				COPY_PHASE_STRIP = YES;
				GCC_C_LANGUAGE_STANDARD = gnu99;
				GCC_VERSION = com.apple.compilers.llvm.clang.1_0;
				GCC_WARN_ABOUT_RETURN_TYPE = YES;
				GCC_WARN_UNINITIALIZED_AUTOS = YES;
				GCC_WARN_UNUSED_VARIABLE = YES;
				IPHONEOS_DEPLOYMENT_TARGET = 5.1;
				OTHER_CFLAGS = "-DNS_BLOCK_ASSERTIONS=1";
				SDKROOT = iphoneos;
				VALIDATE_PRODUCT = YES;
			};
			name = Release;
		};
		3492D2C415EF221B00714C11 /* Debug */ = {
			isa = XCBuildConfiguration;
			buildSettings = {
				GCC_PRECOMPILE_PREFIX_HEADER = YES;
				GCC_PREFIX_HEADER = "iDeliverMobile/iDeliverMobile-Prefix.pch";
				INFOPLIST_FILE = "iDeliverMobile/iDeliverMobile-Info.plist";
				PRODUCT_NAME = "$(TARGET_NAME)";
				WRAPPER_EXTENSION = app;
			};
			name = Debug;
		};
		3492D2C515EF221B00714C11 /* Release */ = {
			isa = XCBuildConfiguration;
			buildSettings = {
				GCC_PRECOMPILE_PREFIX_HEADER = YES;
				GCC_PREFIX_HEADER = "iDeliverMobile/iDeliverMobile-Prefix.pch";
				INFOPLIST_FILE = "iDeliverMobile/iDeliverMobile-Info.plist";
				PRODUCT_NAME = "$(TARGET_NAME)";
				WRAPPER_EXTENSION = app;
			};
			name = Release;
		};
/* End XCBuildConfiguration section */

/* Begin XCConfigurationList section */
		3492D2A515EF221B00714C11 /* Build configuration list for PBXProject "iDeliverMobile" */ = {
			isa = XCConfigurationList;
			buildConfigurations = (
				3492D2C115EF221B00714C11 /* Debug */,
				3492D2C215EF221B00714C11 /* Release */,
			);
			defaultConfigurationIsVisible = 0;
			defaultConfigurationName = Release;
		};
		3492D2C315EF221B00714C11 /* Build configuration list for PBXNativeTarget "iDeliverMobile" */ = {
			isa = XCConfigurationList;
			buildConfigurations = (
				3492D2C415EF221B00714C11 /* Debug */,
				3492D2C515EF221B00714C11 /* Release */,
			);
			defaultConfigurationIsVisible = 0;
			defaultConfigurationName = Release;
		};
/* End XCConfigurationList section */
	};
	rootObject = 3492D2A215EF221B00714C11 /* Project object */;
}
